# This file is automatically @generated by Cargo.
# It is not intended for manual editing.
version = 4

[[package]]
name = "nodx"
version = "0.1.0"
dependencies = [
 "nodx-core",
 "nodx-render-html",
 "nodx-validate",
]

[[package]]
name = "nodx-core"
version = "0.1.0"
dependencies = [
 "nodx-package",
 "nodx-style",
 "nodx-url",
]

[[package]]
name = "nodx-package"
version = "0.1.0"
dependencies = [
 "nodx-url",
]

[[package]]
name = "nodx-render-html"
version = "0.1.0"
dependencies = [
 "nodx-core",
 "nodx-style",
 "nodx-url",
]

[[package]]
name = "nodx-style"
version = "0.1.0"
dependencies = [
 "nodx-url",
]

[[package]]
name = "nodx-url"
version = "0.1.0"

[[package]]
name = "nodx-validate"
version = "0.1.0"
dependencies = [
 "nodx-core",
 "nodx-url",
]
